{
  "name": "jasp",
  "version": "1.0.0",
  "lockfileVersion": 1,
  "requires": true,
  "dependencies": {
    "astring": {
      "version": "1.7.5",
      "resolved": "https://registry.npmjs.org/astring/-/astring-1.7.5.tgz",
      "integrity": "sha512-lobf6RWXb8c4uZ7Mdq0U12efYmpD1UFnyOWVJPTa3ukqZrMopav+2hdNu0hgBF0JIBFK9QgrBDfwYvh3DFJDAA=="
    }
  }
}
